{
  "version": "5",
  "remote": {
    "https://deno.land/x/jose@v4.13.1/key/generate_key_pair.ts": "b137813c3a474395ff95fcf0a749842e27d6332244a833c586f0324bdeab2dbe",
    "https://deno.land/x/jose@v4.13.1/key/generate_secret.ts": "b6f8bcb5e253439be14053828398d77cca067c3d738e146c133058755ad32519",
    "https://deno.land/x/jose@v4.13.1/key/import.ts": "ac087a7b1889ece8f0ad61a517fdb6336bfbf476fc2092716296cf5ec0aee9f7",
    "https://deno.land/x/jose@v4.13.1/lib/buffer_utils.ts": "dad65c92c9baef14cd5366a4131252afa7a5b4f3a068d0244e2df8660ea2bd8e",
    "https://deno.land/x/jose@v4.13.1/lib/format_pem.ts": "b5230682e7a89609238015b77f33afd248f3e0f69bcb5895eece2f86d83100f6",
    "https://deno.land/x/jose@v4.13.1/lib/invalid_key_input.ts": "9ca81c899000c18cf1b70ab8221f39b306cc153663e748190307e284fd47ab6a",
    "https://deno.land/x/jose@v4.13.1/lib/is_object.ts": "43549ddc51a3b3d4c22b953b191a961fbb61fb5081e8efb88ad075afa1f4d214",
    "https://deno.land/x/jose@v4.13.1/runtime/asn1.ts": "15d9a990ea9ca12a6d92f8cd27aaa6d4cf9510018103b9bac302ee1d19c54f48",
    "https://deno.land/x/jose@v4.13.1/runtime/base64url.ts": "74ecb18b90de56bcc4424b6c911cfe49b56dd4a316978f5c8ee9a23560069636",
    "https://deno.land/x/jose@v4.13.1/runtime/digest.ts": "cee73fad56ce596ffedc56811d174ab413e7981eb847eb67c0e77f213cc2ac2d",
    "https://deno.land/x/jose@v4.13.1/runtime/env.ts": "86ff1bc7bda93b6eac6ed4412b6d0675c286b45cf16b8aa839612840f1f95d38",
    "https://deno.land/x/jose@v4.13.1/runtime/fetch_jwks.ts": "34b71aa6bbd51984d1009792499ea17133dcb11bf2f2d8fba60e8090d900fc20",
    "https://deno.land/x/jose@v4.13.1/runtime/generate.ts": "8616ad4fae6bb5ecf46ba0ad2eb0a3f3b1c76687cbad6e63c893c21772764e80",
    "https://deno.land/x/jose@v4.13.1/runtime/is_key_like.ts": "d9660a40820d254843721a53b51eb94a4db39a1ee36103ea8c28e2cc2207599b",
    "https://deno.land/x/jose@v4.13.1/runtime/jwk_to_key.ts": "840983de25e2a7be5a638d2f87b217c1c07b365817af75922c8cafaaebe3a839",
    "https://deno.land/x/jose@v4.13.1/runtime/key_to_jwk.ts": "2af6f52abbe59316fa96771da48538c8f718b6fdd8703d185f8a87ef44c0f064",
    "https://deno.land/x/jose@v4.13.1/runtime/random.ts": "3e9c8d08208e5dc186ae659535f0018303ff3b56615335bf0dfb5904fe36aab7",
    "https://deno.land/x/jose@v4.13.1/runtime/webcrypto.ts": "3365b7d62eaa7e6befe5e2f4f67aa7859805c41b87064433b6e70f94501aa36e",
    "https://deno.land/x/jose@v4.13.1/util/errors.ts": "b1b614ccabea3f7dc7a5ce00a12250df583146f51af5b852cff6d9f42e627029"
  },
  "workspace": {
    "packageJson": {
      "dependencies": [
        "npm:@google/genai@^1.24.0",
        "npm:@supabase/supabase-js@^2.44.4",
        "npm:@types/react-dom@^18.3.0",
        "npm:@types/react@^18.3.5",
        "npm:@vitejs/plugin-react@^4.3.1",
        "npm:react-dom@^18.2.0",
        "npm:react@^18.2.0",
        "npm:typescript@^5.5.4",
        "npm:vite@^5.3.5"
      ]
    }
  }
}
